
Microsoft Visual Studio Solution File, Format Version 12.00
# Visual Studio Version 17
VisualStudioVersion = 17.0.31903.59
MinimumVisualStudioVersion = 10.0.40219.1
Project("{FAE04EC0-301F-11D3-BF4B-00C04F79EFBC}") = "Infrastructure", "Infrastructure\Infrastructure.csproj", "{B0ED5958-8D89-4843-89EC-58D0AA66E862}"
EndProject
Project("{FAE04EC0-301F-11D3-BF4B-00C04F79EFBC}") = "Application", "Application\Application.csproj", "{7746F1D9-BEBB-4ADB-A6BA-A9E3CFDFB9D5}"
EndProject
Project("{FAE04EC0-301F-11D3-BF4B-00C04F79EFBC}") = "Domain", "Domain\Domain.csproj", "{20C1CB00-107B-46A1-805B-6F9B8E6EA573}"
EndProject
Project("{FAE04EC0-301F-11D3-BF4B-00C04F79EFBC}") = "API", "API\API.csproj", "{2E108518-AC3D-4644-AEE1-476AC282843C}"
EndProject
Global
	GlobalSection(SolutionConfigurationPlatforms) = preSolution
		Debug|Any CPU = Debug|Any CPU
		Release|Any CPU = Release|Any CPU
	EndGlobalSection
	GlobalSection(SolutionProperties) = preSolution
		HideSolutionNode = FALSE
	EndGlobalSection
	GlobalSection(ProjectConfigurationPlatforms) = postSolution
		{B0ED5958-8D89-4843-89EC-58D0AA66E862}.Debug|Any CPU.ActiveCfg = Debug|Any CPU
		{B0ED5958-8D89-4843-89EC-58D0AA66E862}.Debug|Any CPU.Build.0 = Debug|Any CPU
		{B0ED5958-8D89-4843-89EC-58D0AA66E862}.Release|Any CPU.ActiveCfg = Release|Any CPU
		{B0ED5958-8D89-4843-89EC-58D0AA66E862}.Release|Any CPU.Build.0 = Release|Any CPU
		{7746F1D9-BEBB-4ADB-A6BA-A9E3CFDFB9D5}.Debug|Any CPU.ActiveCfg = Debug|Any CPU
		{7746F1D9-BEBB-4ADB-A6BA-A9E3CFDFB9D5}.Debug|Any CPU.Build.0 = Debug|Any CPU
		{7746F1D9-BEBB-4ADB-A6BA-A9E3CFDFB9D5}.Release|Any CPU.ActiveCfg = Release|Any CPU
		{7746F1D9-BEBB-4ADB-A6BA-A9E3CFDFB9D5}.Release|Any CPU.Build.0 = Release|Any CPU
		{20C1CB00-107B-46A1-805B-6F9B8E6EA573}.Debug|Any CPU.ActiveCfg = Debug|Any CPU
		{20C1CB00-107B-46A1-805B-6F9B8E6EA573}.Debug|Any CPU.Build.0 = Debug|Any CPU
		{20C1CB00-107B-46A1-805B-6F9B8E6EA573}.Release|Any CPU.ActiveCfg = Release|Any CPU
		{20C1CB00-107B-46A1-805B-6F9B8E6EA573}.Release|Any CPU.Build.0 = Release|Any CPU
		{2E108518-AC3D-4644-AEE1-476AC282843C}.Debug|Any CPU.ActiveCfg = Debug|Any CPU
		{2E108518-AC3D-4644-AEE1-476AC282843C}.Debug|Any CPU.Build.0 = Debug|Any CPU
		{2E108518-AC3D-4644-AEE1-476AC282843C}.Release|Any CPU.ActiveCfg = Release|Any CPU
		{2E108518-AC3D-4644-AEE1-476AC282843C}.Release|Any CPU.Build.0 = Release|Any CPU
	EndGlobalSection
EndGlobal
